// !$*UTF8*$!
{
	archiveVersion = 1;
	classes = {
	};
	objectVersion = 50;
	objects = {

/* Begin PBXBuildFile section */
		B70F1C2D23D9F097007DA303 /* AppDelegate.swift in Sources */ = {isa = PBXBuildFile; fileRef = B70F1C2C23D9F097007DA303 /* AppDelegate.swift */; };
		B70F1C2F23D9F097007DA303 /* SceneDelegate.swift in Sources */ = {isa = PBXBuildFile; fileRef = B70F1C2E23D9F097007DA303 /* SceneDelegate.swift */; };
		B70F1C3123D9F097007DA303 /* ViewController.swift in Sources */ = {isa = PBXBuildFile; fileRef = B70F1C3023D9F097007DA303 /* ViewController.swift */; };
		B70F1C3423D9F097007DA303 /* Main.storyboard in Resources */ = {isa = PBXBuildFile; fileRef = B70F1C3223D9F097007DA303 /* Main.storyboard */; };
		B70F1C3623D9F099007DA303 /* Assets.xcassets in Resources */ = {isa = PBXBuildFile; fileRef = B70F1C3523D9F099007DA303 /* Assets.xcassets */; };
		B70F1C3923D9F099007DA303 /* LaunchScreen.storyboard in Resources */ = {isa = PBXBuildFile; fileRef = B70F1C3723D9F099007DA303 /* LaunchScreen.storyboard */; };
		B70F1C6523DA26E5007DA303 /* FileManager.swift in Sources */ = {isa = PBXBuildFile; fileRef = B70F1C6423DA26E5007DA303 /* FileManager.swift */; };
		B70F1C6723DA26F0007DA303 /* PersistanceHelper.swift in Sources */ = {isa = PBXBuildFile; fileRef = B70F1C6623DA26F0007DA303 /* PersistanceHelper.swift */; };
		B70F1C6923DA28EF007DA303 /* ImageObject.swift in Sources */ = {isa = PBXBuildFile; fileRef = B70F1C6823DA28EF007DA303 /* ImageObject.swift */; };
		B774BC4123DA2A2A00E74FA8 /* ImageCollectionViewCell.swift in Sources */ = {isa = PBXBuildFile; fileRef = B774BC4023DA2A2A00E74FA8 /* ImageCollectionViewCell.swift */; };
/* End PBXBuildFile section */

/* Begin PBXFileReference section */
		B70F1C2923D9F097007DA303 /* PhotoJournalApp.app */ = {isa = PBXFileReference; explicitFileType = wrapper.application; includeInIndex = 0; path = PhotoJournalApp.app; sourceTree = BUILT_PRODUCTS_DIR; };
		B70F1C2C23D9F097007DA303 /* AppDelegate.swift */ = {isa = PBXFileReference; lastKnownFileType = sourcecode.swift; path = AppDelegate.swift; sourceTree = "<group>"; };
		B70F1C2E23D9F097007DA303 /* SceneDelegate.swift */ = {isa = PBXFileReference; lastKnownFileType = sourcecode.swift; path = SceneDelegate.swift; sourceTree = "<group>"; };
		B70F1C3023D9F097007DA303 /* ViewController.swift */ = {isa = PBXFileReference; lastKnownFileType = sourcecode.swift; path = ViewController.swift; sourceTree = "<group>"; };
		B70F1C3323D9F097007DA303 /* Base */ = {isa = PBXFileReference; lastKnownFileType = file.storyboard; name = Base; path = Base.lproj/Main.storyboard; sourceTree = "<group>"; };
		B70F1C3523D9F099007DA303 /* Assets.xcassets */ = {isa = PBXFileReference; lastKnownFileType = folder.assetcatalog; path = Assets.xcassets; sourceTree = "<group>"; };
		B70F1C3823D9F099007DA303 /* Base */ = {isa = PBXFileReference; lastKnownFileType = file.storyboard; name = Base; path = Base.lproj/LaunchScreen.storyboard; sourceTree = "<group>"; };
		B70F1C3A23D9F099007DA303 /* Info.plist */ = {isa = PBXFileReference; lastKnownFileType = text.plist.xml; path = Info.plist; sourceTree = "<group>"; };
		B70F1C6423DA26E5007DA303 /* FileManager.swift */ = {isa = PBXFileReference; lastKnownFileType = sourcecode.swift; path = FileManager.swift; sourceTree = "<group>"; };
		B70F1C6623DA26F0007DA303 /* PersistanceHelper.swift */ = {isa = PBXFileReference; lastKnownFileType = sourcecode.swift; path = PersistanceHelper.swift; sourceTree = "<group>"; };
		B70F1C6823DA28EF007DA303 /* ImageObject.swift */ = {isa = PBXFileReference; lastKnownFileType = sourcecode.swift; path = ImageObject.swift; sourceTree = "<group>"; };
		B774BC4023DA2A2A00E74FA8 /* ImageCollectionViewCell.swift */ = {isa = PBXFileReference; lastKnownFileType = sourcecode.swift; path = ImageCollectionViewCell.swift; sourceTree = "<group>"; };
/* End PBXFileReference section */

/* Begin PBXFrameworksBuildPhase section */
		B70F1C2623D9F097007DA303 /* Frameworks */ = {
			isa = PBXFrameworksBuildPhase;
			buildActionMask = 2147483647;
			files = (
			);
			runOnlyForDeploymentPostprocessing = 0;
		};
/* End PBXFrameworksBuildPhase section */

/* Begin PBXGroup section */
		B70F1C2023D9F097007DA303 = {
			isa = PBXGroup;
			children = (
				B70F1C2B23D9F097007DA303 /* PhotoJournalApp */,
				B70F1C2A23D9F097007DA303 /* Products */,
			);
			sourceTree = "<group>";
		};
		B70F1C2A23D9F097007DA303 /* Products */ = {
			isa = PBXGroup;
			children = (
				B70F1C2923D9F097007DA303 /* PhotoJournalApp.app */,
			);
			name = Products;
			sourceTree = "<group>";
		};
		B70F1C2B23D9F097007DA303 /* PhotoJournalApp */ = {
			isa = PBXGroup;
			children = (
				B774BC4223DA2A2F00E74FA8 /* Views */,
				B70F1C6223DA26AD007DA303 /* File Manager */,
				B70F1C6A23DA28F3007DA303 /* Models */,
				B70F1C6023DA26A0007DA303 /* Controllers */,
				B70F1C6323DA26C1007DA303 /* Supporting Files */,
				B70F1C3A23D9F099007DA303 /* Info.plist */,
			);
			path = PhotoJournalApp;
			sourceTree = "<group>";
		};
		B70F1C6023DA26A0007DA303 /* Controllers */ = {
			isa = PBXGroup;
			children = (
				B70F1C3023D9F097007DA303 /* ViewController.swift */,
			);
			path = Controllers;
			sourceTree = "<group>";
		};
		B70F1C6223DA26AD007DA303 /* File Manager */ = {
			isa = PBXGroup;
			children = (
				B70F1C6423DA26E5007DA303 /* FileManager.swift */,
				B70F1C6623DA26F0007DA303 /* PersistanceHelper.swift */,
			);
			path = "File Manager";
			sourceTree = "<group>";
		};
		B70F1C6323DA26C1007DA303 /* Supporting Files */ = {
			isa = PBXGroup;
			children = (
				B70F1C2C23D9F097007DA303 /* AppDelegate.swift */,
				B70F1C2E23D9F097007DA303 /* SceneDelegate.swift */,
				B70F1C3223D9F097007DA303 /* Main.storyboard */,
				B70F1C3523D9F099007DA303 /* Assets.xcassets */,
				B70F1C3723D9F099007DA303 /* LaunchScreen.storyboard */,
			);
			path = "Supporting Files";
			sourceTree = "<group>";
		};
		B70F1C6A23DA28F3007DA303 /* Models */ = {
			isa = PBXGroup;
			children = (
				B70F1C6823DA28EF007DA303 /* ImageObject.swift */,
			);
			path = Models;
			sourceTree = "<group>";
		};
		B774BC4223DA2A2F00E74FA8 /* Views */ = {
			isa = PBXGroup;
			children = (
				B774BC4023DA2A2A00E74FA8 /* ImageCollectionViewCell.swift */,
			);
			path = Views;
			sourceTree = "<group>";
		};
/* End PBXGroup section */

/* Begin PBXNativeTarget section */
		B70F1C2823D9F097007DA303 /* PhotoJournalApp */ = {
			isa = PBXNativeTarget;
			buildConfigurationList = B70F1C3D23D9F099007DA303 /* Build configuration list for PBXNativeTarget "PhotoJournalApp" */;
			buildPhases = (
				B70F1C2523D9F097007DA303 /* Sources */,
				B70F1C2623D9F097007DA303 /* Frameworks */,
				B70F1C2723D9F097007DA303 /* Resources */,
			);
			buildRules = (
			);
			dependencies = (
			);
			name = PhotoJournalApp;
			productName = PhotoJournalApp;
			productReference = B70F1C2923D9F097007DA303 /* PhotoJournalApp.app */;
			productType = "com.apple.product-type.application";
		};
/* End PBXNativeTarget section */

/* Begin PBXProject section */
		B70F1C2123D9F097007DA303 /* Project object */ = {
			isa = PBXProject;
			attributes = {
				LastSwiftUpdateCheck = 1130;
				LastUpgradeCheck = 1130;
				ORGANIZATIONNAME = "Brendon Cecilio";
				TargetAttributes = {
					B70F1C2823D9F097007DA303 = {
						CreatedOnToolsVersion = 11.3;
					};
				};
			};
			buildConfigurationList = B70F1C2423D9F097007DA303 /* Build configuration list for PBXProject "PhotoJournalApp" */;
			compatibilityVersion = "Xcode 9.3";
			developmentRegion = en;
			hasScannedForEncodings = 0;
			knownRegions = (
				en,
				Base,
			);
			mainGroup = B70F1C2023D9F097007DA303;
			productRefGroup = B70F1C2A23D9F097007DA303 /* Products */;
			projectDirPath = "";
			projectRoot = "";
			targets = (
				B70F1C2823D9F097007DA303 /* PhotoJournalApp */,
			);
		};
/* End PBXProject section */

/* Begin PBXResourcesBuildPhase section */
		B70F1C2723D9F097007DA303 /* Resources */ = {
			isa = PBXResourcesBuildPhase;
			buildActionMask = 2147483647;
			files = (
				B70F1C3923D9F099007DA303 /* LaunchScreen.storyboard in Resources */,
				B70F1C3623D9F099007DA303 /* Assets.xcassets in Resources */,
				B70F1C3423D9F097007DA303 /* Main.storyboard in Resources */,
			);
			runOnlyForDeploymentPostprocessing = 0;
		};
/* End PBXResourcesBuildPhase section */

/* Begin PBXSourcesBuildPhase section */
		B70F1C2523D9F097007DA303 /* Sources */ = {
			isa = PBXSourcesBuildPhase;
			buildActionMask = 2147483647;
			files = (
				B70F1C6923DA28EF007DA303 /* ImageObject.swift in Sources */,
				B70F1C3123D9F097007DA303 /* ViewController.swift in Sources */,
				B70F1C2D23D9F097007DA303 /* AppDelegate.swift in Sources */,
				B774BC4123DA2A2A00E74FA8 /* ImageCollectionViewCell.swift in Sources */,
				B70F1C2F23D9F097007DA303 /* SceneDelegate.swift in Sources */,
				B70F1C6523DA26E5007DA303 /* FileManager.swift in Sources */,
				B70F1C6723DA26F0007DA303 /* PersistanceHelper.swift in Sources */,
			);
			runOnlyForDeploymentPostprocessing = 0;
		};
/* End PBXSourcesBuildPhase section */

/* Begin PBXVariantGroup section */
		B70F1C3223D9F097007DA303 /* Main.storyboard */ = {
			isa = PBXVariantGroup;
			children = (
				B70F1C3323D9F097007DA303 /* Base */,
			);
			name = Main.storyboard;
			sourceTree = "<group>";
		};
		B70F1C3723D9F099007DA303 /* LaunchScreen.storyboard */ = {
			isa = PBXVariantGroup;
			children = (
				B70F1C3823D9F099007DA303 /* Base */,
			);
			name = LaunchScreen.storyboard;
			sourceTree = "<group>";
		};
/* End PBXVariantGroup section */

/* Begin XCBuildConfiguration section */
		B70F1C3B23D9F099007DA303 /* Debug */ = {
			isa = XCBuildConfiguration;
			buildSettings = {
				ALWAYS_SEARCH_USER_PATHS = NO;
				CLANG_ANALYZER_NONNULL = YES;
				CLANG_ANALYZER_NUMBER_OBJECT_CONVERSION = YES_AGGRESSIVE;
				CLANG_CXX_LANGUAGE_STANDARD = "gnu++14";
				CLANG_CXX_LIBRARY = "libc++";
				CLANG_ENABLE_MODULES = YES;
				CLANG_ENABLE_OBJC_ARC = YES;
				CLANG_ENABLE_OBJC_WEAK = YES;
				CLANG_WARN_BLOCK_CAPTURE_AUTORELEASING = YES;
				CLANG_WARN_BOOL_CONVERSION = YES;
				CLANG_WARN_COMMA = YES;
				CLANG_WARN_CONSTANT_CONVERSION = YES;
				CLANG_WARN_DEPRECATED_OBJC_IMPLEMENTATIONS = YES;
				CLANG_WARN_DIRECT_OBJC_ISA_USAGE = YES_ERROR;
				CLANG_WARN_DOCUMENTATION_COMMENTS = YES;
				CLANG_WARN_EMPTY_BODY = YES;
				CLANG_WARN_ENUM_CONVERSION = YES;
				CLANG_WARN_INFINITE_RECURSION = YES;
				CLANG_WARN_INT_CONVERSION = YES;
				CLANG_WARN_NON_LITERAL_NULL_CONVERSION = YES;
				CLANG_WARN_OBJC_IMPLICIT_RETAIN_SELF = YES;
				CLANG_WARN_OBJC_LITERAL_CONVERSION = YES;
				CLANG_WARN_OBJC_ROOT_CLASS = YES_ERROR;
				CLANG_WARN_RANGE_LOOP_ANALYSIS = YES;
				CLANG_WARN_STRICT_PROTOTYPES = YES;
				CLANG_WARN_SUSPICIOUS_MOVE = YES;
				CLANG_WARN_UNGUARDED_AVAILABILITY = YES_AGGRESSIVE;
				CLANG_WARN_UNREACHABLE_CODE = YES;
				CLANG_WARN__DUPLICATE_METHOD_MATCH = YES;
				COPY_PHASE_STRIP = NO;
				DEBUG_INFORMATION_FORMAT = dwarf;
				ENABLE_STRICT_OBJC_MSGSEND = YES;
				ENABLE_TESTABILITY = YES;
				GCC_C_LANGUAGE_STANDARD = gnu11;
				GCC_DYNAMIC_NO_PIC = NO;
				GCC_NO_COMMON_BLOCKS = YES;
				GCC_OPTIMIZATION_LEVEL = 0;
				GCC_PREPROCESSOR_DEFINITIONS = (
					"DEBUG=1",
					"$(inherited)",
				);
				GCC_WARN_64_TO_32_BIT_CONVERSION = YES;
				GCC_WARN_ABOUT_RETURN_TYPE = YES_ERROR;
				GCC_WARN_UNDECLARED_SELECTOR = YES;
				GCC_WARN_UNINITIALIZED_AUTOS = YES_AGGRESSIVE;
				GCC_WARN_UNUSED_FUNCTION = YES;
				GCC_WARN_UNUSED_VARIABLE = YES;
				IPHONEOS_DEPLOYMENT_TARGET = 13.2;
				MTL_ENABLE_DEBUG_INFO = INCLUDE_SOURCE;
				MTL_FAST_MATH = YES;
				ONLY_ACTIVE_ARCH = YES;
				SDKROOT = iphoneos;
				SWIFT_ACTIVE_COMPILATION_CONDITIONS = DEBUG;
				SWIFT_OPTIMIZATION_LEVEL = "-Onone";
			};
			name = Debug;
		};
		B70F1C3C23D9F099007DA303 /* Release */ = {
			isa = XCBuildConfiguration;
			buildSettings = {
				ALWAYS_SEARCH_USER_PATHS = NO;
				CLANG_ANALYZER_NONNULL = YES;
				CLANG_ANALYZER_NUMBER_OBJECT_CONVERSION = YES_AGGRESSIVE;
				CLANG_CXX_LANGUAGE_STANDARD = "gnu++14";
				CLANG_CXX_LIBRARY = "libc++";
				CLANG_ENABLE_MODULES = YES;
				CLANG_ENABLE_OBJC_ARC = YES;
				CLANG_ENABLE_OBJC_WEAK = YES;
				CLANG_WARN_BLOCK_CAPTURE_AUTORELEASING = YES;
				CLANG_WARN_BOOL_CONVERSION = YES;
				CLANG_WARN_COMMA = YES;
				CLANG_WARN_CONSTANT_CONVERSION = YES;
				CLANG_WARN_DEPRECATED_OBJC_IMPLEMENTATIONS = YES;
				CLANG_WARN_DIRECT_OBJC_ISA_USAGE = YES_ERROR;
				CLANG_WARN_DOCUMENTATION_COMMENTS = YES;
				CLANG_WARN_EMPTY_BODY = YES;
				CLANG_WARN_ENUM_CONVERSION = YES;
				CLANG_WARN_INFINITE_RECURSION = YES;
				CLANG_WARN_INT_CONVERSION = YES;
				CLANG_WARN_NON_LITERAL_NULL_CONVERSION = YES;
				CLANG_WARN_OBJC_IMPLICIT_RETAIN_SELF = YES;
				CLANG_WARN_OBJC_LITERAL_CONVERSION = YES;
				CLANG_WARN_OBJC_ROOT_CLASS = YES_ERROR;
				CLANG_WARN_RANGE_LOOP_ANALYSIS = YES;
				CLANG_WARN_STRICT_PROTOTYPES = YES;
				CLANG_WARN_SUSPICIOUS_MOVE = YES;
				CLANG_WARN_UNGUARDED_AVAILABILITY = YES_AGGRESSIVE;
				CLANG_WARN_UNREACHABLE_CODE = YES;
				CLANG_WARN__DUPLICATE_METHOD_MATCH = YES;
				COPY_PHASE_STRIP = NO;
				DEBUG_INFORMATION_FORMAT = "dwarf-with-dsym";
				ENABLE_NS_ASSERTIONS = NO;
				ENABLE_STRICT_OBJC_MSGSEND = YES;
				GCC_C_LANGUAGE_STANDARD = gnu11;
				GCC_NO_COMMON_BLOCKS = YES;
				GCC_WARN_64_TO_32_BIT_CONVERSION = YES;
				GCC_WARN_ABOUT_RETURN_TYPE = YES_ERROR;
				GCC_WARN_UNDECLARED_SELECTOR = YES;
				GCC_WARN_UNINITIALIZED_AUTOS = YES_AGGRESSIVE;
				GCC_WARN_UNUSED_FUNCTION = YES;
				GCC_WARN_UNUSED_VARIABLE = YES;
				IPHONEOS_DEPLOYMENT_TARGET = 13.2;
				MTL_ENABLE_DEBUG_INFO = NO;
				MTL_FAST_MATH = YES;
				SDKROOT = iphoneos;
				SWIFT_COMPILATION_MODE = wholemodule;
				SWIFT_OPTIMIZATION_LEVEL = "-O";
				VALIDATE_PRODUCT = YES;
			};
			name = Release;
		};
		B70F1C3E23D9F099007DA303 /* Debug */ = {
			isa = XCBuildConfiguration;
			buildSettings = {
				ASSETCATALOG_COMPILER_APPICON_NAME = AppIcon;
				CODE_SIGN_STYLE = Automatic;
				DEVELOPMENT_TEAM = 879MP5M96B;
				INFOPLIST_FILE = PhotoJournalApp/Info.plist;
				LD_RUNPATH_SEARCH_PATHS = (
					"$(inherited)",
					"@executable_path/Frameworks",
				);
				PRODUCT_BUNDLE_IDENTIFIER = com.brendoncecilio.PhotoJournalApp;
				PRODUCT_NAME = "$(TARGET_NAME)";
				SWIFT_VERSION = 5.0;
				TARGETED_DEVICE_FAMILY = "1,2";
			};
			name = Debug;
		};
		B70F1C3F23D9F099007DA303 /* Release */ = {
			isa = XCBuildConfiguration;
			buildSettings = {
				ASSETCATALOG_COMPILER_APPICON_NAME = AppIcon;
				CODE_SIGN_STYLE = Automatic;
				DEVELOPMENT_TEAM = 879MP5M96B;
				INFOPLIST_FILE = PhotoJournalApp/Info.plist;
				LD_RUNPATH_SEARCH_PATHS = (
					"$(inherited)",
					"@executable_path/Frameworks",
				);
				PRODUCT_BUNDLE_IDENTIFIER = com.brendoncecilio.PhotoJournalApp;
				PRODUCT_NAME = "$(TARGET_NAME)";
				SWIFT_VERSION = 5.0;
				TARGETED_DEVICE_FAMILY = "1,2";
			};
			name = Release;
		};
/* End XCBuildConfiguration section */

/* Begin XCConfigurationList section */
		B70F1C2423D9F097007DA303 /* Build configuration list for PBXProject "PhotoJournalApp" */ = {
			isa = XCConfigurationList;
			buildConfigurations = (
				B70F1C3B23D9F099007DA303 /* Debug */,
				B70F1C3C23D9F099007DA303 /* Release */,
			);
			defaultConfigurationIsVisible = 0;
			defaultConfigurationName = Release;
		};
		B70F1C3D23D9F099007DA303 /* Build configuration list for PBXNativeTarget "PhotoJournalApp" */ = {
			isa = XCConfigurationList;
			buildConfigurations = (
				B70F1C3E23D9F099007DA303 /* Debug */,
				B70F1C3F23D9F099007DA303 /* Release */,
			);
			defaultConfigurationIsVisible = 0;
			defaultConfigurationName = Release;
		};
/* End XCConfigurationList section */
	};
	rootObject = B70F1C2123D9F097007DA303 /* Project object */;
}
